<?xml version="1.0" encoding="utf-8"?>
<Project ToolsVersion="4.0" xmlns="http://schemas.microsoft.com/developer/msbuild/2003">
  <ItemGroup>
    <Filter Include="ソース ファイル">
      <UniqueIdentifier>{4FC737F1-C7A5-4376-A066-2A32D752A2FF}</UniqueIdentifier>
      <Extensions>cpp;c;cc;cxx;def;odl;idl;hpj;bat;asm;asmx</Extensions>
    </Filter>
    <Filter Include="ヘッダー ファイル">
      <UniqueIdentifier>{93995380-89BD-4b04-88EB-625FBE52EBFB}</UniqueIdentifier>
      <Extensions>h;hh;hpp;hxx;hm;inl;inc;xsd</Extensions>
    </Filter>
    <Filter Include="リソース ファイル">
      <UniqueIdentifier>{67DA6AB6-F800-4c08-8B7A-83BB121AAD01}</UniqueIdentifier>
      <Extensions>rc;ico;cur;bmp;dlg;rc2;rct;bin;rgs;gif;jpg;jpeg;jpe;resx;tiff;tif;png;wav;mfcribbon-ms</Extensions>
    </Filter>
    <Filter Include="シェーダファイル">
      <UniqueIdentifier>{5db9131e-d120-4a09-9e7f-08d16dea90a1}</UniqueIdentifier>
    </Filter>
    <Filter Include="BaseLib">
      <UniqueIdentifier>{98548c24-a831-4a3a-9e76-ea721aad0e94}</UniqueIdentifier>
    </Filter>
    <Filter Include="BaseLib\Headers">
      <UniqueIdentifier>{8b451479-bf6b-4a2f-816c-d14915ce3590}</UniqueIdentifier>
    </Filter>
    <Filter Include="BaseLib\Sources">
      <UniqueIdentifier>{4a5ab7ee-4b03-4755-88b3-fbff413f6d45}</UniqueIdentifier>
    </Filter>
    <Filter Include="BaseLib\Shaders">
      <UniqueIdentifier>{ad5c22f9-98bf-4cc7-a416-d67b3f21705b}</UniqueIdentifier>
    </Filter>
  </ItemGroup>
  <ItemGroup>
    <ClInclude Include="resource.h">
      <Filter>ヘッダー ファイル</Filter>
    </ClInclude>
    <ClInclude Include="Character.h">
      <Filter>ヘッダー ファイル</Filter>
    </ClInclude>
    <ClInclude Include="GameStage.h">
      <Filter>ヘッダー ファイル</Filter>
    </ClInclude>
    <ClInclude Include="Player.h">
      <Filter>ヘッダー ファイル</Filter>
    </ClInclude>
    <ClInclude Include="Project.h">
      <Filter>ヘッダー ファイル</Filter>
    </ClInclude>
    <ClInclude Include="Scene.h">
      <Filter>ヘッダー ファイル</Filter>
    </ClInclude>
    <ClInclude Include="..\..\Libs\BaseLib\App.h">
      <Filter>BaseLib\Headers</Filter>
    </ClInclude>
    <ClInclude Include="..\..\Libs\BaseLib\BaseHelper.h">
      <Filter>BaseLib\Headers</Filter>
    </ClInclude>
    <ClInclude Include="..\..\Libs\BaseLib\BaseResource.h">
      <Filter>BaseLib\Headers</Filter>
    </ClInclude>
    <ClInclude Include="..\..\Libs\BaseLib\Components.h">
      <Filter>BaseLib\Headers</Filter>
    </ClInclude>
    <ClInclude Include="..\..\Libs\BaseLib\DeviceResources.h">
      <Filter>BaseLib\Headers</Filter>
    </ClInclude>
    <ClInclude Include="..\..\Libs\BaseLib\DrawComponents.h">
      <Filter>BaseLib\Headers</Filter>
    </ClInclude>
    <ClInclude Include="..\..\Libs\BaseLib\HttpForm.h">
      <Filter>BaseLib\Headers</Filter>
    </ClInclude>
    <ClInclude Include="..\..\Libs\BaseLib\MathExt.h">
      <Filter>BaseLib\Headers</Filter>
    </ClInclude>
    <ClInclude Include="..\..\Libs\BaseLib\MathExtEX.h">
      <Filter>BaseLib\Headers</Filter>
    </ClInclude>
    <ClInclude Include="..\..\Libs\BaseLib\MathVector.h">
      <Filter>BaseLib\Headers</Filter>
    </ClInclude>
    <ClInclude Include="..\..\Libs\BaseLib\MathVectorEX.h">
      <Filter>BaseLib\Headers</Filter>
    </ClInclude>
    <ClInclude Include="..\..\Libs\BaseLib\Object.h">
      <Filter>BaseLib\Headers</Filter>
    </ClInclude>
    <ClInclude Include="..\..\Libs\BaseLib\Prim2D.h">
      <Filter>BaseLib\Headers</Filter>
    </ClInclude>
    <ClInclude Include="..\..\Libs\BaseLib\Renderer.h">
      <Filter>BaseLib\Headers</Filter>
    </ClInclude>
    <ClInclude Include="..\..\Libs\BaseLib\Rigidbody.h">
      <Filter>BaseLib\Headers</Filter>
    </ClInclude>
    <ClInclude Include="..\..\Libs\BaseLib\SceneBase.h">
      <Filter>BaseLib\Headers</Filter>
    </ClInclude>
    <ClInclude Include="..\..\Libs\BaseLib\Shader.h">
      <Filter>BaseLib\Headers</Filter>
    </ClInclude>
    <ClInclude Include="..\..\Libs\BaseLib\ShaderBasic.h">
      <Filter>BaseLib\Headers</Filter>
    </ClInclude>
    <ClInclude Include="..\..\Libs\BaseLib\SpriteStudio5.h">
      <Filter>BaseLib\Headers</Filter>
    </ClInclude>
    <ClInclude Include="..\..\Libs\BaseLib\StateMachine.h">
      <Filter>BaseLib\Headers</Filter>
    </ClInclude>
    <ClInclude Include="..\..\Libs\BaseLib\stdafx.h">
      <Filter>BaseLib\Headers</Filter>
    </ClInclude>
    <ClInclude Include="..\..\Libs\BaseLib\Steering.h">
      <Filter>BaseLib\Headers</Filter>
    </ClInclude>
    <ClInclude Include="..\..\Libs\BaseLib\targetver.h">
      <Filter>BaseLib\Headers</Filter>
    </ClInclude>
    <ClInclude Include="..\..\Libs\BaseLib\TransHelper.h">
      <Filter>BaseLib\Headers</Filter>
    </ClInclude>
    <ClInclude Include="..\..\Libs\BaseLib\VertexHelper.h">
      <Filter>BaseLib\Headers</Filter>
    </ClInclude>
    <ClInclude Include="..\..\Libs\BaseLib\XmlDoc.h">
      <Filter>BaseLib\Headers</Filter>
    </ClInclude>
    <ClInclude Include="..\..\Libs\BaseLib\AppInterface.h">
      <Filter>BaseLib\Headers</Filter>
    </ClInclude>
    <ClInclude Include="..\..\Libs\BaseLib\StringComponents.h">
      <Filter>BaseLib\Headers</Filter>
    </ClInclude>
  </ItemGroup>
  <ItemGroup>
    <ResourceCompile Include="DxBase2016.rc">
      <Filter>リソース ファイル</Filter>
    </ResourceCompile>
  </ItemGroup>
  <ItemGroup>
    <Image Include="icon1.ico">
      <Filter>リソース ファイル</Filter>
    </Image>
  </ItemGroup>
  <ItemGroup>
    <ClCompile Include="Character.cpp">
      <Filter>ソース ファイル</Filter>
    </ClCompile>
    <ClCompile Include="GameStage.cpp">
      <Filter>ソース ファイル</Filter>
    </ClCompile>
    <ClCompile Include="Player.cpp">
      <Filter>ソース ファイル</Filter>
    </ClCompile>
    <ClCompile Include="Scene.cpp">
      <Filter>ソース ファイル</Filter>
    </ClCompile>
    <ClCompile Include="WinMain.cpp">
      <Filter>ソース ファイル</Filter>
    </ClCompile>
    <ClCompile Include="..\..\Libs\BaseLib\App.cpp">
      <Filter>BaseLib\Sources</Filter>
    </ClCompile>
    <ClCompile Include="..\..\Libs\BaseLib\BaseHelper.cpp">
      <Filter>BaseLib\Sources</Filter>
    </ClCompile>
    <ClCompile Include="..\..\Libs\BaseLib\BaseResource.cpp">
      <Filter>BaseLib\Sources</Filter>
    </ClCompile>
    <ClCompile Include="..\..\Libs\BaseLib\Components.cpp">
      <Filter>BaseLib\Sources</Filter>
    </ClCompile>
    <ClCompile Include="..\..\Libs\BaseLib\DeviceResources.cpp">
      <Filter>BaseLib\Sources</Filter>
    </ClCompile>
    <ClCompile Include="..\..\Libs\BaseLib\DrawComponents.cpp">
      <Filter>BaseLib\Sources</Filter>
    </ClCompile>
    <ClCompile Include="..\..\Libs\BaseLib\HttpForm.cpp">
      <Filter>BaseLib\Sources</Filter>
    </ClCompile>
    <ClCompile Include="..\..\Libs\BaseLib\Object.cpp">
      <Filter>BaseLib\Sources</Filter>
    </ClCompile>
    <ClCompile Include="..\..\Libs\BaseLib\Renderer.cpp">
      <Filter>BaseLib\Sources</Filter>
    </ClCompile>
    <ClCompile Include="..\..\Libs\BaseLib\Rigidbody.cpp">
      <Filter>BaseLib\Sources</Filter>
    </ClCompile>
    <ClCompile Include="..\..\Libs\BaseLib\SceneBase.cpp">
      <Filter>BaseLib\Sources</Filter>
    </ClCompile>
    <ClCompile Include="..\..\Libs\BaseLib\Shader.cpp">
      <Filter>BaseLib\Sources</Filter>
    </ClCompile>
    <ClCompile Include="..\..\Libs\BaseLib\ShaderBasic.cpp">
      <Filter>BaseLib\Sources</Filter>
    </ClCompile>
    <ClCompile Include="..\..\Libs\BaseLib\SpriteStudio5.cpp">
      <Filter>BaseLib\Sources</Filter>
    </ClCompile>
    <ClCompile Include="..\..\Libs\BaseLib\StateMachine.cpp">
      <Filter>BaseLib\Sources</Filter>
    </ClCompile>
    <ClCompile Include="..\..\Libs\BaseLib\stdafx.cpp">
      <Filter>BaseLib\Sources</Filter>
    </ClCompile>
    <ClCompile Include="..\..\Libs\BaseLib\Steering.cpp">
      <Filter>BaseLib\Sources</Filter>
    </ClCompile>
    <ClCompile Include="..\..\Libs\BaseLib\VertexHelper.cpp">
      <Filter>BaseLib\Sources</Filter>
    </ClCompile>
    <ClCompile Include="..\..\Libs\BaseLib\XmlDoc.cpp">
      <Filter>BaseLib\Sources</Filter>
    </ClCompile>
    <ClCompile Include="..\..\Libs\BaseLib\StringComponents.cpp">
      <Filter>BaseLib\Sources</Filter>
    </ClCompile>
  </ItemGroup>
  <ItemGroup>
    <None Include="..\..\Libs\BaseLib\Shaders\INCShadowmap.hlsli">
      <Filter>BaseLib\Shaders</Filter>
    </None>
    <None Include="..\..\Libs\BaseLib\Shaders\INCStructs.hlsli">
      <Filter>BaseLib\Shaders</Filter>
    </None>
    <None Include="Shaders\SimpleInc.hlsli">
      <Filter>シェーダファイル</Filter>
    </None>
  </ItemGroup>
  <ItemGroup>
    <FxCompile Include="..\..\Libs\BaseLib\Shaders\PSPCDirect.hlsl">
      <Filter>BaseLib\Shaders</Filter>
    </FxCompile>
    <FxCompile Include="..\..\Libs\BaseLib\Shaders\PSPCSprite.hlsl">
      <Filter>BaseLib\Shaders</Filter>
    </FxCompile>
    <FxCompile Include="..\..\Libs\BaseLib\Shaders\PSPCStatic.hlsl">
      <Filter>BaseLib\Shaders</Filter>
    </FxCompile>
    <FxCompile Include="..\..\Libs\BaseLib\Shaders\PSPCTDirect.hlsl">
      <Filter>BaseLib\Shaders</Filter>
    </FxCompile>
    <FxCompile Include="..\..\Libs\BaseLib\Shaders\PSPCTSprite.hlsl">
      <Filter>BaseLib\Shaders</Filter>
    </FxCompile>
    <FxCompile Include="..\..\Libs\BaseLib\Shaders\PSPCTStatic.hlsl">
      <Filter>BaseLib\Shaders</Filter>
    </FxCompile>
    <FxCompile Include="..\..\Libs\BaseLib\Shaders\PSPDirect.hlsl">
      <Filter>BaseLib\Shaders</Filter>
    </FxCompile>
    <FxCompile Include="..\..\Libs\BaseLib\Shaders\PSPNTStatic.hlsl">
      <Filter>BaseLib\Shaders</Filter>
    </FxCompile>
    <FxCompile Include="..\..\Libs\BaseLib\Shaders\PSPNTStaticNoTexture.hlsl">
      <Filter>BaseLib\Shaders</Filter>
    </FxCompile>
    <FxCompile Include="..\..\Libs\BaseLib\Shaders\PSPNTStaticShadow.hlsl">
      <Filter>BaseLib\Shaders</Filter>
    </FxCompile>
    <FxCompile Include="..\..\Libs\BaseLib\Shaders\PSPNTStaticShadow2.hlsl">
      <Filter>BaseLib\Shaders</Filter>
    </FxCompile>
    <FxCompile Include="..\..\Libs\BaseLib\Shaders\PSPTDirect.hlsl">
      <Filter>BaseLib\Shaders</Filter>
    </FxCompile>
    <FxCompile Include="..\..\Libs\BaseLib\Shaders\PSPTSprite.hlsl">
      <Filter>BaseLib\Shaders</Filter>
    </FxCompile>
    <FxCompile Include="..\..\Libs\BaseLib\Shaders\PSPTStatic.hlsl">
      <Filter>BaseLib\Shaders</Filter>
    </FxCompile>
    <FxCompile Include="..\..\Libs\BaseLib\Shaders\VSPCDirect.hlsl">
      <Filter>BaseLib\Shaders</Filter>
    </FxCompile>
    <FxCompile Include="..\..\Libs\BaseLib\Shaders\VSPCSprite.hlsl">
      <Filter>BaseLib\Shaders</Filter>
    </FxCompile>
    <FxCompile Include="..\..\Libs\BaseLib\Shaders\VSPCStatic.hlsl">
      <Filter>BaseLib\Shaders</Filter>
    </FxCompile>
    <FxCompile Include="..\..\Libs\BaseLib\Shaders\VSPCTDirect.hlsl">
      <Filter>BaseLib\Shaders</Filter>
    </FxCompile>
    <FxCompile Include="..\..\Libs\BaseLib\Shaders\VSPCTSprite.hlsl">
      <Filter>BaseLib\Shaders</Filter>
    </FxCompile>
    <FxCompile Include="..\..\Libs\BaseLib\Shaders\VSPCTStatic.hlsl">
      <Filter>BaseLib\Shaders</Filter>
    </FxCompile>
    <FxCompile Include="..\..\Libs\BaseLib\Shaders\VSPDirect.hlsl">
      <Filter>BaseLib\Shaders</Filter>
    </FxCompile>
    <FxCompile Include="..\..\Libs\BaseLib\Shaders\VSPNTStatic.hlsl">
      <Filter>BaseLib\Shaders</Filter>
    </FxCompile>
    <FxCompile Include="..\..\Libs\BaseLib\Shaders\VSPNTStaticShadow.hlsl">
      <Filter>BaseLib\Shaders</Filter>
    </FxCompile>
    <FxCompile Include="..\..\Libs\BaseLib\Shaders\VSPTDirect.hlsl">
      <Filter>BaseLib\Shaders</Filter>
    </FxCompile>
    <FxCompile Include="..\..\Libs\BaseLib\Shaders\VSPTSprite.hlsl">
      <Filter>BaseLib\Shaders</Filter>
    </FxCompile>
    <FxCompile Include="..\..\Libs\BaseLib\Shaders\VSPTStatic.hlsl">
      <Filter>BaseLib\Shaders</Filter>
    </FxCompile>
    <FxCompile Include="..\..\Libs\BaseLib\Shaders\VSShadowmap.hlsl">
      <Filter>BaseLib\Shaders</Filter>
    </FxCompile>
    <FxCompile Include="..\..\Libs\BaseLib\Shaders\VSShadowmapBone.hlsl">
      <Filter>BaseLib\Shaders</Filter>
    </FxCompile>
    <FxCompile Include="..\..\Libs\BaseLib\Shaders\VSPNTBone.hlsl">
      <Filter>BaseLib\Shaders</Filter>
    </FxCompile>
    <FxCompile Include="..\..\Libs\BaseLib\Shaders\VSPNTBoneShadow.hlsl">
      <Filter>BaseLib\Shaders</Filter>
    </FxCompile>
    <FxCompile Include="Shaders\PSSimpleBase.hlsl">
      <Filter>シェーダファイル</Filter>
    </FxCompile>
    <FxCompile Include="Shaders\VSSimpleBase.hlsl">
      <Filter>シェーダファイル</Filter>
    </FxCompile>
  </ItemGroup>
</Project>